{
  "name": "deepgram-docs",
  "lockfileVersion": 3,
  "requires": true,
  "packages": {
    "": {
      "name": "deepgram-docs",
      "license": "ISC",
      "devDependencies": {
        "fern-api": "^0.60.29"
      }
    },
    "node_modules/fern-api": {
      "version": "0.60.29",
      "resolved": "https://registry.npmjs.org/fern-api/-/fern-api-0.60.29.tgz",
      "integrity": "sha512-4QbB7ePj7poiZxvppdUAq8WGAdNIaX4snqC2Uw+Wyhcw3A07sqBQKbxdJQPSG5Bxb64nmVTuGtY5SUhGRQ84Vw==",
      "dev": true,
      "bin": {
        "fern": "cli.cjs"
      }
    }
  }
}
